[[package]]
name = "aiohttp"
version = "3.6.2"
description = "Async http client/server framework (asyncio)"
category = "main"
optional = false
python-versions = ">=3.5.3"

[package.dependencies]
async-timeout = ">=3.0,<4.0"
attrs = ">=17.3.0"
chardet = ">=2.0,<4.0"
multidict = ">=4.5,<5.0"
yarl = ">=1.0,<2.0"

[package.extras]
speedups = ["aiodns", "brotlipy", "cchardet"]

[[package]]
name = "async-timeout"
version = "3.0.1"
description = "Timeout context manager for asyncio programs"
category = "main"
optional = false
python-versions = ">=3.5.3"

[[package]]
name = "asynctest"
version = "0.13.0"
description = "Enhance the standard unittest package with features for testing asyncio libraries"
category = "dev"
optional = false
python-versions = ">=3.5"
develop = true

[package.source]
type = "git"
url = "https://github.com/Martiusweb/asynctest.git"
reference = "9aefec8dd301bf8c4a4e03a22fb4ec64c2b479cf"

[[package]]
name = "atomicwrites"
version = "1.4.0"
description = "Atomic file writes."
category = "dev"
optional = false
python-versions = ">=2.7, !=3.0.*, !=3.1.*, !=3.2.*, !=3.3.*"

[[package]]
name = "attrs"
version = "20.2.0"
description = "Classes Without Boilerplate"
category = "main"
optional = false
python-versions = ">=2.7, !=3.0.*, !=3.1.*, !=3.2.*, !=3.3.*"

[package.extras]
dev = ["coverage[toml] (>=5.0.2)", "hypothesis", "pympler", "pytest (>=4.3.0)", "six", "zope.interface", "sphinx", "sphinx-rtd-theme", "pre-commit"]
docs = ["sphinx", "sphinx-rtd-theme", "zope.interface"]
tests = ["coverage[toml] (>=5.0.2)", "hypothesis", "pympler", "pytest (>=4.3.0)", "six", "zope.interface"]
tests_no_zope = ["coverage[toml] (>=5.0.2)", "hypothesis", "pympler", "pytest (>=4.3.0)", "six"]

[[package]]
name = "backoff"
version = "1.10.0"
description = "Function decoration for backoff and retry"
category = "main"
optional = false
python-versions = ">=2.7, !=3.0.*, !=3.1.*, !=3.2.*, !=3.3.*, !=3.4.*"

[[package]]
name = "bullet"
version = "2.2.0"
description = "Beautiful Python prompts made simple."
category = "main"
optional = false
python-versions = "*"

[[package]]
name = "certifi"
version = "2020.6.20"
description = "Python package for providing Mozilla's CA Bundle."
category = "main"
optional = false
python-versions = "*"

[[package]]
name = "chardet"
version = "3.0.4"
description = "Universal encoding detector for Python 2 and 3"
category = "main"
optional = false
python-versions = "*"

[[package]]
name = "click"
version = "7.1.2"
description = "Composable command line interface toolkit"
category = "main"
optional = false
python-versions = ">=2.7, !=3.0.*, !=3.1.*, !=3.2.*, !=3.3.*, !=3.4.*"

[[package]]
name = "colorama"
version = "0.4.3"
description = "Cross-platform colored terminal text."
category = "main"
optional = false
python-versions = ">=2.7, !=3.0.*, !=3.1.*, !=3.2.*, !=3.3.*, !=3.4.*"

[[package]]
name = "devtools"
version = "0.6"
description = "Python's missing debug print command and other development tools."
category = "main"
optional = false
python-versions = ">=3.6"

[package.extras]
pygments = ["Pygments (>=2.2.0)"]

[[package]]
name = "h11"
version = "0.9.0"
description = "A pure-Python, bring-your-own-I/O implementation of HTTP/1.1"
category = "main"
optional = false
python-versions = "*"

[[package]]
name = "httpcore"
version = "0.10.2"
description = "A minimal low-level HTTP client."
category = "main"
optional = false
python-versions = ">=3.6"

[package.dependencies]
h11 = ">=0.8,<0.10"
sniffio = ">=1.0.0,<2.0.0"

[package.extras]
http2 = ["h2 (>=3.0.0,<4.0.0)"]

[[package]]
name = "httpx"
version = "0.14.3"
description = "The next generation HTTP client."
category = "main"
optional = false
python-versions = ">=3.6"

[package.dependencies]
certifi = "*"
chardet = ">=3.0.0,<4.0.0"
httpcore = ">=0.10.0,<0.11.0"
rfc3986 = {version = ">=1.3,<2", extras = ["idna2008"]}
sniffio = "*"

[package.extras]
brotli = ["brotlipy (>=0.7.0,<0.8.0)"]
http2 = ["h2 (>=3.0.0,<4.0.0)"]

[[package]]
name = "idna"
version = "2.10"
description = "Internationalized Domain Names in Applications (IDNA)"
category = "main"
optional = false
python-versions = ">=2.7, !=3.0.*, !=3.1.*, !=3.2.*, !=3.3.*"

[[package]]
name = "iniconfig"
version = "1.0.1"
description = "iniconfig: brain-dead simple config-ini parsing"
category = "dev"
optional = false
python-versions = "*"

[[package]]
name = "jsonschema"
version = "3.2.0"
description = "An implementation of JSON Schema validation for Python"
category = "main"
optional = false
python-versions = "*"

[package.dependencies]
attrs = ">=17.4.0"
pyrsistent = ">=0.14.0"
six = ">=1.11.0"

[package.extras]
format = ["idna", "jsonpointer (>1.13)", "rfc3987", "strict-rfc3339", "webcolors"]
format_nongpl = ["idna", "jsonpointer (>1.13)", "webcolors", "rfc3986-validator (>0.1.0)", "rfc3339-validator"]

[[package]]
name = "kubernetes-asyncio"
version = "11.3.0"
description = "Kubernetes asynchronous python client"
category = "main"
optional = false
python-versions = "*"

[package.dependencies]
aiohttp = ">=2.3.10,<4.0.0"
certifi = ">=14.05.14"
python-dateutil = ">=2.5.3"
pyyaml = ">=3.12"
six = ">=1.9.0"
urllib3 = ">=1.24.2"

[[package]]
name = "loguru"
version = "0.5.3"
description = "Python logging made (stupidly) simple"
category = "main"
optional = false
python-versions = ">=3.5"

[package.dependencies]
colorama = {version = ">=0.3.4", markers = "sys_platform == \"win32\""}
win32-setctime = {version = ">=1.0.0", markers = "sys_platform == \"win32\""}

[package.extras]
dev = ["codecov (>=2.0.15)", "colorama (>=0.3.4)", "flake8 (>=3.7.7)", "tox (>=3.9.0)", "tox-travis (>=0.12)", "pytest (>=4.6.2)", "pytest-cov (>=2.7.1)", "Sphinx (>=2.2.1)", "sphinx-autobuild (>=0.7.1)", "sphinx-rtd-theme (>=0.4.3)", "black (>=19.10b0)", "isort (>=5.1.1)"]

[[package]]
name = "multidict"
version = "4.7.6"
description = "multidict implementation"
category = "main"
optional = false
python-versions = ">=3.5"

[[package]]
name = "packaging"
version = "20.4"
description = "Core utilities for Python packages"
category = "dev"
optional = false
python-versions = ">=2.7, !=3.0.*, !=3.1.*, !=3.2.*, !=3.3.*"

[package.dependencies]
pyparsing = ">=2.0.2"
six = "*"

[[package]]
name = "pluggy"
version = "0.13.1"
description = "plugin and hook calling mechanisms for python"
category = "dev"
optional = false
python-versions = ">=2.7, !=3.0.*, !=3.1.*, !=3.2.*, !=3.3.*"

[package.extras]
dev = ["pre-commit", "tox"]

[[package]]
name = "py"
version = "1.9.0"
description = "library with cross-python path, ini-parsing, io, code, log facilities"
category = "dev"
optional = false
python-versions = ">=2.7, !=3.0.*, !=3.1.*, !=3.2.*, !=3.3.*"

[[package]]
name = "pyaml"
version = "20.4.0"
description = "PyYAML-based module to produce pretty and readable YAML-serialized data"
category = "main"
optional = false
python-versions = "*"

[package.dependencies]
PyYAML = "*"

[[package]]
name = "pydantic"
version = "1.6.1"
description = "Data validation and settings management using python 3.6 type hinting"
category = "main"
optional = false
python-versions = ">=3.6"

[package.extras]
dotenv = ["python-dotenv (>=0.10.4)"]
email = ["email-validator (>=1.0.3)"]
typing_extensions = ["typing-extensions (>=3.7.2)"]

[[package]]
name = "pygments"
version = "2.7.1"
description = "Pygments is a syntax highlighting package written in Python."
category = "main"
optional = false
python-versions = ">=3.5"

[[package]]
name = "pyparsing"
version = "2.4.7"
description = "Python parsing module"
category = "dev"
optional = false
python-versions = ">=2.6, !=3.0.*, !=3.1.*, !=3.2.*"

[[package]]
name = "pyrsistent"
version = "0.17.3"
description = "Persistent/Functional/Immutable data structures"
category = "main"
optional = false
python-versions = ">=3.5"

[[package]]
name = "pytest"
version = "6.2.2"
description = "pytest: simple powerful testing with Python"
category = "dev"
optional = false
python-versions = ">=3.6"

[package.dependencies]
atomicwrites = {version = ">=1.0", markers = "sys_platform == \"win32\""}
attrs = ">=19.2.0"
colorama = {version = "*", markers = "sys_platform == \"win32\""}
iniconfig = "*"
packaging = "*"
pluggy = ">=0.12,<1.0.0a1"
py = ">=1.8.2"
toml = "*"

[package.extras]
testing = ["argcomplete", "hypothesis (>=3.56)", "mock", "nose", "requests", "xmlschema"]

[[package]]
name = "pytest-asyncio"
version = "0.14.0"
description = "Pytest support for asyncio."
category = "dev"
optional = false
python-versions = ">= 3.5"

[package.dependencies]
pytest = ">=5.4.0"

[package.extras]
testing = ["async-generator (>=1.3)", "coverage", "hypothesis (>=5.7.1)"]

[[package]]
name = "python-dateutil"
version = "2.8.1"
description = "Extensions to the standard Python datetime module"
category = "main"
optional = false
python-versions = "!=3.0.*,!=3.1.*,!=3.2.*,>=2.7"

[package.dependencies]
six = ">=1.5"

[[package]]
name = "python-dotenv"
version = "0.14.0"
description = "Add .env support to your django/flask apps in development and deployments"
category = "main"
optional = false
python-versions = "*"

[package.extras]
cli = ["click (>=5.0)"]

[[package]]
name = "pyyaml"
version = "5.3.1"
description = "YAML parser and emitter for Python"
category = "main"
optional = false
python-versions = ">=2.7, !=3.0.*, !=3.1.*, !=3.2.*, !=3.3.*, !=3.4.*"

[[package]]
name = "respx"
version = "0.11.3"
description = "A utility for mocking out the Python HTTPX and HTTP Core libraries."
category = "dev"
optional = false
python-versions = ">=3.6"

[package.dependencies]
asynctest = "*"
httpx = ">=0.14,<0.15"

[[package]]
name = "rfc3986"
version = "1.4.0"
description = "Validating URI References per RFC 3986"
category = "main"
optional = false
python-versions = "*"

[package.dependencies]
idna = {version = "*", optional = true, markers = "extra == \"idna2008\""}

[package.extras]
idna2008 = ["idna"]

[[package]]
name = "semver"
version = "2.10.2"
description = "Python helper for Semantic Versioning (http://semver.org/)"
category = "main"
optional = false
python-versions = ">=2.7, !=3.0.*, !=3.1.*, !=3.2.*, !=3.3.*"

[[package]]
name = "servox"
version = "0.7.0"
description = "Opsani Servo: The Next Generation"
category = "main"
optional = false
python-versions = ">=3.8,<4.0"

[package.dependencies]
backoff = ">=1.10.0,<2.0.0"
bullet = ">=2.1.0,<3.0.0"
devtools = ">=0.6.0,<0.7.0"
httpx = ">=0.14.3,<0.15.0"
jsonschema = ">=3.2.0,<4.0.0"
kubernetes_asyncio = ">=11.3.0,<12.0.0"
loguru = ">=0.5.1,<0.6.0"
pyaml = ">=20.4.0,<21.0.0"
pydantic = ">=1.5.1,<2.0.0"
pygments = ">=2.6.1,<3.0.0"
python-dotenv = ">=0.14.0,<0.15.0"
semver = ">=2.10.1,<3.0.0"
tabulate = ">=0.8.7,<0.9.0"
timeago = ">=1.0.14,<2.0.0"
typer = ">=0.3.0,<0.4.0"

[[package]]
name = "six"
version = "1.15.0"
description = "Python 2 and 3 compatibility utilities"
category = "main"
optional = false
python-versions = ">=2.7, !=3.0.*, !=3.1.*, !=3.2.*"

[[package]]
name = "sniffio"
version = "1.1.0"
description = "Sniff out which async library your code is running under"
category = "main"
optional = false
python-versions = ">=3.5"

[[package]]
name = "tabulate"
version = "0.8.7"
description = "Pretty-print tabular data"
category = "main"
optional = false
python-versions = "*"

[package.extras]
widechars = ["wcwidth"]

[[package]]
name = "timeago"
version = "1.0.14"
description = "A very simple python library, used to format datetime with `*** time ago` statement. eg: \"3 hours ago\"."
category = "main"
optional = false
python-versions = "*"

[[package]]
name = "toml"
version = "0.10.1"
description = "Python Library for Tom's Obvious, Minimal Language"
category = "dev"
optional = false
python-versions = "*"

[[package]]
name = "typer"
version = "0.3.2"
description = "Typer, build great CLIs. Easy to code. Based on Python type hints."
category = "main"
optional = false
python-versions = ">=3.6"

[package.dependencies]
click = ">=7.1.1,<7.2.0"

[package.extras]
test = ["pytest-xdist (>=1.32.0,<2.0.0)", "pytest-sugar (>=0.9.4,<0.10.0)", "mypy (==0.782)", "black (>=19.10b0,<20.0b0)", "isort (>=5.0.6,<6.0.0)", "shellingham (>=1.3.0,<2.0.0)", "pytest (>=4.4.0,<5.4.0)", "pytest-cov (>=2.10.0,<3.0.0)", "coverage (>=5.2,<6.0)"]
all = ["colorama (>=0.4.3,<0.5.0)", "shellingham (>=1.3.0,<2.0.0)"]
dev = ["autoflake (>=1.3.1,<2.0.0)", "flake8 (>=3.8.3,<4.0.0)"]
doc = ["mkdocs (>=1.1.2,<2.0.0)", "mkdocs-material (>=5.4.0,<6.0.0)", "markdown-include (>=0.5.1,<0.6.0)"]

[[package]]
name = "urllib3"
version = "1.25.10"
description = "HTTP library with thread-safe connection pooling, file post, and more."
category = "main"
optional = false
python-versions = ">=2.7, !=3.0.*, !=3.1.*, !=3.2.*, !=3.3.*, !=3.4.*, <4"

[package.extras]
brotli = ["brotlipy (>=0.6.0)"]
secure = ["certifi", "cryptography (>=1.3.4)", "idna (>=2.0.0)", "pyOpenSSL (>=0.14)", "ipaddress"]
socks = ["PySocks (>=1.5.6,!=1.5.7,<2.0)"]

[[package]]
name = "win32-setctime"
version = "1.0.2"
description = "A small Python utility to set file creation time on Windows"
category = "main"
optional = false
python-versions = ">=3.5"

[package.extras]
dev = ["pytest (>=4.6.2)", "black (>=19.3b0)"]

[[package]]
name = "yarl"
version = "1.6.0"
description = "Yet another URL library"
category = "main"
optional = false
python-versions = ">=3.5"

[package.dependencies]
idna = ">=2.0"
multidict = ">=4.0"

[metadata]
lock-version = "1.1"
python-versions = "^3.8"
content-hash = "cc0687c0e53f330c14a1c1909b3efe71814478e81235d747f31a8eb7d59489e7"

[metadata.files]
aiohttp = [
    {file = "aiohttp-3.6.2-cp35-cp35m-macosx_10_13_x86_64.whl", hash = "sha256:1e984191d1ec186881ffaed4581092ba04f7c61582a177b187d3a2f07ed9719e"},
    {file = "aiohttp-3.6.2-cp35-cp35m-manylinux1_x86_64.whl", hash = "sha256:50aaad128e6ac62e7bf7bd1f0c0a24bc968a0c0590a726d5a955af193544bcec"},
    {file = "aiohttp-3.6.2-cp36-cp36m-macosx_10_13_x86_64.whl", hash = "sha256:65f31b622af739a802ca6fd1a3076fd0ae523f8485c52924a89561ba10c49b48"},
    {file = "aiohttp-3.6.2-cp36-cp36m-manylinux1_x86_64.whl", hash = "sha256:ae55bac364c405caa23a4f2d6cfecc6a0daada500274ffca4a9230e7129eac59"},
    {file = "aiohttp-3.6.2-cp36-cp36m-win32.whl", hash = "sha256:344c780466b73095a72c616fac5ea9c4665add7fc129f285fbdbca3cccf4612a"},
    {file = "aiohttp-3.6.2-cp36-cp36m-win_amd64.whl", hash = "sha256:4c6efd824d44ae697814a2a85604d8e992b875462c6655da161ff18fd4f29f17"},
    {file = "aiohttp-3.6.2-cp37-cp37m-macosx_10_13_x86_64.whl", hash = "sha256:2f4d1a4fdce595c947162333353d4a44952a724fba9ca3205a3df99a33d1307a"},
    {file = "aiohttp-3.6.2-cp37-cp37m-manylinux1_x86_64.whl", hash = "sha256:6206a135d072f88da3e71cc501c59d5abffa9d0bb43269a6dcd28d66bfafdbdd"},
    {file = "aiohttp-3.6.2-cp37-cp37m-win32.whl", hash = "sha256:b778ce0c909a2653741cb4b1ac7015b5c130ab9c897611df43ae6a58523cb965"},
    {file = "aiohttp-3.6.2-cp37-cp37m-win_amd64.whl", hash = "sha256:32e5f3b7e511aa850829fbe5aa32eb455e5534eaa4b1ce93231d00e2f76e5654"},
    {file = "aiohttp-3.6.2-py3-none-any.whl", hash = "sha256:460bd4237d2dbecc3b5ed57e122992f60188afe46e7319116da5eb8a9dfedba4"},
    {file = "aiohttp-3.6.2.tar.gz", hash = "sha256:259ab809ff0727d0e834ac5e8a283dc5e3e0ecc30c4d80b3cd17a4139ce1f326"},
]
async-timeout = [
    {file = "async-timeout-3.0.1.tar.gz", hash = "sha256:0c3c816a028d47f659d6ff5c745cb2acf1f966da1fe5c19c77a70282b25f4c5f"},
    {file = "async_timeout-3.0.1-py3-none-any.whl", hash = "sha256:4291ca197d287d274d0b6cb5d6f8f8f82d434ed288f962539ff18cc9012f9ea3"},
]
asynctest = []
atomicwrites = [
    {file = "atomicwrites-1.4.0-py2.py3-none-any.whl", hash = "sha256:6d1784dea7c0c8d4a5172b6c620f40b6e4cbfdf96d783691f2e1302a7b88e197"},
    {file = "atomicwrites-1.4.0.tar.gz", hash = "sha256:ae70396ad1a434f9c7046fd2dd196fc04b12f9e91ffb859164193be8b6168a7a"},
]
attrs = [
    {file = "attrs-20.2.0-py2.py3-none-any.whl", hash = "sha256:fce7fc47dfc976152e82d53ff92fa0407700c21acd20886a13777a0d20e655dc"},
    {file = "attrs-20.2.0.tar.gz", hash = "sha256:26b54ddbbb9ee1d34d5d3668dd37d6cf74990ab23c828c2888dccdceee395594"},
]
backoff = [
    {file = "backoff-1.10.0-py2.py3-none-any.whl", hash = "sha256:5e73e2cbe780e1915a204799dba0a01896f45f4385e636bcca7a0614d879d0cd"},
    {file = "backoff-1.10.0.tar.gz", hash = "sha256:b8fba021fac74055ac05eb7c7bfce4723aedde6cd0a504e5326bcb0bdd6d19a4"},
]
bullet = [
    {file = "bullet-2.2.0-py3-none-any.whl", hash = "sha256:d22528deb914ce3ff20a4a000fa5ba37179697f384a0748f90691de8a74cf006"},
    {file = "bullet-2.2.0.tar.gz", hash = "sha256:dfa0fa81810ad1a9e688815ca04f24af87ff5cdbe803b42fa634b1f50fc9d887"},
]
certifi = [
    {file = "certifi-2020.6.20-py2.py3-none-any.whl", hash = "sha256:8fc0819f1f30ba15bdb34cceffb9ef04d99f420f68eb75d901e9560b8749fc41"},
    {file = "certifi-2020.6.20.tar.gz", hash = "sha256:5930595817496dd21bb8dc35dad090f1c2cd0adfaf21204bf6732ca5d8ee34d3"},
]
chardet = [
    {file = "chardet-3.0.4-py2.py3-none-any.whl", hash = "sha256:fc323ffcaeaed0e0a02bf4d117757b98aed530d9ed4531e3e15460124c106691"},
    {file = "chardet-3.0.4.tar.gz", hash = "sha256:84ab92ed1c4d4f16916e05906b6b75a6c0fb5db821cc65e70cbd64a3e2a5eaae"},
]
click = [
    {file = "click-7.1.2-py2.py3-none-any.whl", hash = "sha256:dacca89f4bfadd5de3d7489b7c8a566eee0d3676333fbb50030263894c38c0dc"},
    {file = "click-7.1.2.tar.gz", hash = "sha256:d2b5255c7c6349bc1bd1e59e08cd12acbbd63ce649f2588755783aa94dfb6b1a"},
]
colorama = [
    {file = "colorama-0.4.3-py2.py3-none-any.whl", hash = "sha256:7d73d2a99753107a36ac6b455ee49046802e59d9d076ef8e47b61499fa29afff"},
    {file = "colorama-0.4.3.tar.gz", hash = "sha256:e96da0d330793e2cb9485e9ddfd918d456036c7149416295932478192f4436a1"},
]
devtools = [
    {file = "devtools-0.6-py3-none-any.whl", hash = "sha256:bba4886df5adbcedafa2ec0e5fb2c255a82ce94ec822a12aa16f1f104e9eed36"},
    {file = "devtools-0.6.tar.gz", hash = "sha256:3f2d4eb2de2a8501c41330524414b495d7bbf3066384b3cec5fa784a0d07099b"},
]
h11 = [
    {file = "h11-0.9.0-py2.py3-none-any.whl", hash = "sha256:4bc6d6a1238b7615b266ada57e0618568066f57dd6fa967d1290ec9309b2f2f1"},
    {file = "h11-0.9.0.tar.gz", hash = "sha256:33d4bca7be0fa039f4e84d50ab00531047e53d6ee8ffbc83501ea602c169cae1"},
]
httpcore = [
    {file = "httpcore-0.10.2-py3-none-any.whl", hash = "sha256:afc1402fcaa6fca057bb3a9c6ccf6989a17bd0393b0cffbd778bac5fdd27446b"},
    {file = "httpcore-0.10.2.tar.gz", hash = "sha256:93a4caf743e7ed29dbf7900515f0917babaa26bfaae6fb6c922ca1228519d400"},
]
httpx = [
    {file = "httpx-0.14.3-py3-none-any.whl", hash = "sha256:3f2aa21d927ac56bfabdb82d079cf5ddd5b3147130dedc5fe8fed3a24e7a8d34"},
    {file = "httpx-0.14.3.tar.gz", hash = "sha256:96bd4de4e6b742d672e2338720baf98518efaf85c86e0b48218e1bef9f272333"},
]
idna = [
    {file = "idna-2.10-py2.py3-none-any.whl", hash = "sha256:b97d804b1e9b523befed77c48dacec60e6dcb0b5391d57af6a65a312a90648c0"},
    {file = "idna-2.10.tar.gz", hash = "sha256:b307872f855b18632ce0c21c5e45be78c0ea7ae4c15c828c20788b26921eb3f6"},
]
iniconfig = [
    {file = "iniconfig-1.0.1-py3-none-any.whl", hash = "sha256:80cf40c597eb564e86346103f609d74efce0f6b4d4f30ec8ce9e2c26411ba437"},
    {file = "iniconfig-1.0.1.tar.gz", hash = "sha256:e5f92f89355a67de0595932a6c6c02ab4afddc6fcdc0bfc5becd0d60884d3f69"},
]
jsonschema = [
    {file = "jsonschema-3.2.0-py2.py3-none-any.whl", hash = "sha256:4e5b3cf8216f577bee9ce139cbe72eca3ea4f292ec60928ff24758ce626cd163"},
    {file = "jsonschema-3.2.0.tar.gz", hash = "sha256:c8a85b28d377cc7737e46e2d9f2b4f44ee3c0e1deac6bf46ddefc7187d30797a"},
]
kubernetes-asyncio = [
    {file = "kubernetes_asyncio-11.3.0.tar.gz", hash = "sha256:475f22c01f2b07581f719552b656886c8c9f19c8afebe17bafe32f57dc5ee9fd"},
]
loguru = [
    {file = "loguru-0.5.3-py3-none-any.whl", hash = "sha256:f8087ac396b5ee5f67c963b495d615ebbceac2796379599820e324419d53667c"},
    {file = "loguru-0.5.3.tar.gz", hash = "sha256:b28e72ac7a98be3d28ad28570299a393dfcd32e5e3f6a353dec94675767b6319"},
]
multidict = [
    {file = "multidict-4.7.6-cp35-cp35m-macosx_10_14_x86_64.whl", hash = "sha256:275ca32383bc5d1894b6975bb4ca6a7ff16ab76fa622967625baeebcf8079000"},
    {file = "multidict-4.7.6-cp35-cp35m-manylinux1_x86_64.whl", hash = "sha256:1ece5a3369835c20ed57adadc663400b5525904e53bae59ec854a5d36b39b21a"},
    {file = "multidict-4.7.6-cp35-cp35m-win32.whl", hash = "sha256:5141c13374e6b25fe6bf092052ab55c0c03d21bd66c94a0e3ae371d3e4d865a5"},
    {file = "multidict-4.7.6-cp35-cp35m-win_amd64.whl", hash = "sha256:9456e90649005ad40558f4cf51dbb842e32807df75146c6d940b6f5abb4a78f3"},
    {file = "multidict-4.7.6-cp36-cp36m-macosx_10_14_x86_64.whl", hash = "sha256:e0d072ae0f2a179c375f67e3da300b47e1a83293c554450b29c900e50afaae87"},
    {file = "multidict-4.7.6-cp36-cp36m-manylinux1_x86_64.whl", hash = "sha256:3750f2205b800aac4bb03b5ae48025a64e474d2c6cc79547988ba1d4122a09e2"},
    {file = "multidict-4.7.6-cp36-cp36m-win32.whl", hash = "sha256:f07acae137b71af3bb548bd8da720956a3bc9f9a0b87733e0899226a2317aeb7"},
    {file = "multidict-4.7.6-cp36-cp36m-win_amd64.whl", hash = "sha256:6513728873f4326999429a8b00fc7ceddb2509b01d5fd3f3be7881a257b8d463"},
    {file = "multidict-4.7.6-cp37-cp37m-macosx_10_14_x86_64.whl", hash = "sha256:feed85993dbdb1dbc29102f50bca65bdc68f2c0c8d352468c25b54874f23c39d"},
    {file = "multidict-4.7.6-cp37-cp37m-manylinux1_x86_64.whl", hash = "sha256:fcfbb44c59af3f8ea984de67ec7c306f618a3ec771c2843804069917a8f2e255"},
    {file = "multidict-4.7.6-cp37-cp37m-win32.whl", hash = "sha256:4538273208e7294b2659b1602490f4ed3ab1c8cf9dbdd817e0e9db8e64be2507"},
    {file = "multidict-4.7.6-cp37-cp37m-win_amd64.whl", hash = "sha256:d14842362ed4cf63751648e7672f7174c9818459d169231d03c56e84daf90b7c"},
    {file = "multidict-4.7.6-cp38-cp38-macosx_10_14_x86_64.whl", hash = "sha256:c026fe9a05130e44157b98fea3ab12969e5b60691a276150db9eda71710cd10b"},
    {file = "multidict-4.7.6-cp38-cp38-manylinux1_x86_64.whl", hash = "sha256:51a4d210404ac61d32dada00a50ea7ba412e6ea945bbe992e4d7a595276d2ec7"},
    {file = "multidict-4.7.6-cp38-cp38-win32.whl", hash = "sha256:5cf311a0f5ef80fe73e4f4c0f0998ec08f954a6ec72b746f3c179e37de1d210d"},
    {file = "multidict-4.7.6-cp38-cp38-win_amd64.whl", hash = "sha256:7388d2ef3c55a8ba80da62ecfafa06a1c097c18032a501ffd4cabbc52d7f2b19"},
    {file = "multidict-4.7.6.tar.gz", hash = "sha256:fbb77a75e529021e7c4a8d4e823d88ef4d23674a202be4f5addffc72cbb91430"},
]
packaging = [
    {file = "packaging-20.4-py2.py3-none-any.whl", hash = "sha256:998416ba6962ae7fbd6596850b80e17859a5753ba17c32284f67bfff33784181"},
    {file = "packaging-20.4.tar.gz", hash = "sha256:4357f74f47b9c12db93624a82154e9b120fa8293699949152b22065d556079f8"},
]
pluggy = [
    {file = "pluggy-0.13.1-py2.py3-none-any.whl", hash = "sha256:966c145cd83c96502c3c3868f50408687b38434af77734af1e9ca461a4081d2d"},
    {file = "pluggy-0.13.1.tar.gz", hash = "sha256:15b2acde666561e1298d71b523007ed7364de07029219b604cf808bfa1c765b0"},
]
py = [
    {file = "py-1.9.0-py2.py3-none-any.whl", hash = "sha256:366389d1db726cd2fcfc79732e75410e5fe4d31db13692115529d34069a043c2"},
    {file = "py-1.9.0.tar.gz", hash = "sha256:9ca6883ce56b4e8da7e79ac18787889fa5206c79dcc67fb065376cd2fe03f342"},
]
pyaml = [
    {file = "pyaml-20.4.0-py2.py3-none-any.whl", hash = "sha256:67081749a82b72c45e5f7f812ee3a14a03b3f5c25ff36ec3b290514f8c4c4b99"},
    {file = "pyaml-20.4.0.tar.gz", hash = "sha256:29a5c2a68660a799103d6949167bd6c7953d031449d08802386372de1db6ad71"},
]
pydantic = [
    {file = "pydantic-1.6.1-cp36-cp36m-macosx_10_9_x86_64.whl", hash = "sha256:418b84654b60e44c0cdd5384294b0e4bc1ebf42d6e873819424f3b78b8690614"},
    {file = "pydantic-1.6.1-cp36-cp36m-manylinux1_i686.whl", hash = "sha256:4900b8820b687c9a3ed753684337979574df20e6ebe4227381d04b3c3c628f99"},
    {file = "pydantic-1.6.1-cp36-cp36m-manylinux2014_i686.whl", hash = "sha256:b49c86aecde15cde33835d5d6360e55f5e0067bb7143a8303bf03b872935c75b"},
    {file = "pydantic-1.6.1-cp36-cp36m-manylinux2014_x86_64.whl", hash = "sha256:2de562a456c4ecdc80cf1a8c3e70c666625f7d02d89a6174ecf63754c734592e"},
    {file = "pydantic-1.6.1-cp36-cp36m-win_amd64.whl", hash = "sha256:f769141ab0abfadf3305d4fcf36660e5cf568a666dd3efab7c3d4782f70946b1"},
    {file = "pydantic-1.6.1-cp37-cp37m-macosx_10_9_x86_64.whl", hash = "sha256:2dc946b07cf24bee4737ced0ae77e2ea6bc97489ba5a035b603bd1b40ad81f7e"},
    {file = "pydantic-1.6.1-cp37-cp37m-manylinux1_i686.whl", hash = "sha256:36dbf6f1be212ab37b5fda07667461a9219c956181aa5570a00edfb0acdfe4a1"},
    {file = "pydantic-1.6.1-cp37-cp37m-manylinux2014_i686.whl", hash = "sha256:1783c1d927f9e1366e0e0609ae324039b2479a1a282a98ed6a6836c9ed02002c"},
    {file = "pydantic-1.6.1-cp37-cp37m-manylinux2014_x86_64.whl", hash = "sha256:cf3933c98cb5e808b62fae509f74f209730b180b1e3c3954ee3f7949e083a7df"},
    {file = "pydantic-1.6.1-cp37-cp37m-win_amd64.whl", hash = "sha256:f8af9b840a9074e08c0e6dc93101de84ba95df89b267bf7151d74c553d66833b"},
    {file = "pydantic-1.6.1-cp38-cp38-macosx_10_9_x86_64.whl", hash = "sha256:40d765fa2d31d5be8e29c1794657ad46f5ee583a565c83cea56630d3ae5878b9"},
    {file = "pydantic-1.6.1-cp38-cp38-manylinux1_i686.whl", hash = "sha256:3fa799f3cfff3e5f536cbd389368fc96a44bb30308f258c94ee76b73bd60531d"},
    {file = "pydantic-1.6.1-cp38-cp38-manylinux2014_i686.whl", hash = "sha256:6c3f162ba175678218629f446a947e3356415b6b09122dcb364e58c442c645a7"},
    {file = "pydantic-1.6.1-cp38-cp38-manylinux2014_x86_64.whl", hash = "sha256:eb75dc1809875d5738df14b6566ccf9fd9c0bcde4f36b72870f318f16b9f5c20"},
    {file = "pydantic-1.6.1-cp38-cp38-win_amd64.whl", hash = "sha256:530d7222a2786a97bc59ee0e0ebbe23728f82974b1f1ad9a11cd966143410633"},
    {file = "pydantic-1.6.1-py36.py37.py38-none-any.whl", hash = "sha256:b5b3489cb303d0f41ad4a7390cf606a5f2c7a94dcba20c051cd1c653694cb14d"},
    {file = "pydantic-1.6.1.tar.gz", hash = "sha256:54122a8ed6b75fe1dd80797f8251ad2063ea348a03b77218d73ea9fe19bd4e73"},
]
pygments = [
    {file = "Pygments-2.7.1-py3-none-any.whl", hash = "sha256:307543fe65c0947b126e83dd5a61bd8acbd84abec11f43caebaf5534cbc17998"},
    {file = "Pygments-2.7.1.tar.gz", hash = "sha256:926c3f319eda178d1bd90851e4317e6d8cdb5e292a3386aac9bd75eca29cf9c7"},
]
pyparsing = [
    {file = "pyparsing-2.4.7-py2.py3-none-any.whl", hash = "sha256:ef9d7589ef3c200abe66653d3f1ab1033c3c419ae9b9bdb1240a85b024efc88b"},
    {file = "pyparsing-2.4.7.tar.gz", hash = "sha256:c203ec8783bf771a155b207279b9bccb8dea02d8f0c9e5f8ead507bc3246ecc1"},
]
pyrsistent = [
    {file = "pyrsistent-0.17.3.tar.gz", hash = "sha256:2e636185d9eb976a18a8a8e96efce62f2905fea90041958d8cc2a189756ebf3e"},
]
pytest = [
    {file = "pytest-6.2.2-py3-none-any.whl", hash = "sha256:b574b57423e818210672e07ca1fa90aaf194a4f63f3ab909a2c67ebb22913839"},
    {file = "pytest-6.2.2.tar.gz", hash = "sha256:9d1edf9e7d0b84d72ea3dbcdfd22b35fb543a5e8f2a60092dd578936bf63d7f9"},
]
pytest-asyncio = [
    {file = "pytest-asyncio-0.14.0.tar.gz", hash = "sha256:9882c0c6b24429449f5f969a5158b528f39bde47dc32e85b9f0403965017e700"},
    {file = "pytest_asyncio-0.14.0-py3-none-any.whl", hash = "sha256:2eae1e34f6c68fc0a9dc12d4bea190483843ff4708d24277c41568d6b6044f1d"},
]
python-dateutil = [
    {file = "python-dateutil-2.8.1.tar.gz", hash = "sha256:73ebfe9dbf22e832286dafa60473e4cd239f8592f699aa5adaf10050e6e1823c"},
    {file = "python_dateutil-2.8.1-py2.py3-none-any.whl", hash = "sha256:75bb3f31ea686f1197762692a9ee6a7550b59fc6ca3a1f4b5d7e32fb98e2da2a"},
]
python-dotenv = [
    {file = "python-dotenv-0.14.0.tar.gz", hash = "sha256:8c10c99a1b25d9a68058a1ad6f90381a62ba68230ca93966882a4dbc3bc9c33d"},
    {file = "python_dotenv-0.14.0-py2.py3-none-any.whl", hash = "sha256:c10863aee750ad720f4f43436565e4c1698798d763b63234fb5021b6c616e423"},
]
pyyaml = [
    {file = "PyYAML-5.3.1-cp27-cp27m-win32.whl", hash = "sha256:74809a57b329d6cc0fdccee6318f44b9b8649961fa73144a98735b0aaf029f1f"},
    {file = "PyYAML-5.3.1-cp27-cp27m-win_amd64.whl", hash = "sha256:240097ff019d7c70a4922b6869d8a86407758333f02203e0fc6ff79c5dcede76"},
    {file = "PyYAML-5.3.1-cp35-cp35m-win32.whl", hash = "sha256:4f4b913ca1a7319b33cfb1369e91e50354d6f07a135f3b901aca02aa95940bd2"},
    {file = "PyYAML-5.3.1-cp35-cp35m-win_amd64.whl", hash = "sha256:cc8955cfbfc7a115fa81d85284ee61147059a753344bc51098f3ccd69b0d7e0c"},
    {file = "PyYAML-5.3.1-cp36-cp36m-win32.whl", hash = "sha256:7739fc0fa8205b3ee8808aea45e968bc90082c10aef6ea95e855e10abf4a37b2"},
    {file = "PyYAML-5.3.1-cp36-cp36m-win_amd64.whl", hash = "sha256:69f00dca373f240f842b2931fb2c7e14ddbacd1397d57157a9b005a6a9942648"},
    {file = "PyYAML-5.3.1-cp37-cp37m-win32.whl", hash = "sha256:d13155f591e6fcc1ec3b30685d50bf0711574e2c0dfffd7644babf8b5102ca1a"},
    {file = "PyYAML-5.3.1-cp37-cp37m-win_amd64.whl", hash = "sha256:73f099454b799e05e5ab51423c7bcf361c58d3206fa7b0d555426b1f4d9a3eaf"},
    {file = "PyYAML-5.3.1-cp38-cp38-win32.whl", hash = "sha256:06a0d7ba600ce0b2d2fe2e78453a470b5a6e000a985dd4a4e54e436cc36b0e97"},
    {file = "PyYAML-5.3.1-cp38-cp38-win_amd64.whl", hash = "sha256:95f71d2af0ff4227885f7a6605c37fd53d3a106fcab511b8860ecca9fcf400ee"},
    {file = "PyYAML-5.3.1-cp39-cp39-win32.whl", hash = "sha256:ad9c67312c84def58f3c04504727ca879cb0013b2517c85a9a253f0cb6380c0a"},
    {file = "PyYAML-5.3.1-cp39-cp39-win_amd64.whl", hash = "sha256:6034f55dab5fea9e53f436aa68fa3ace2634918e8b5994d82f3621c04ff5ed2e"},
    {file = "PyYAML-5.3.1.tar.gz", hash = "sha256:b8eac752c5e14d3eca0e6dd9199cd627518cb5ec06add0de9d32baeee6fe645d"},
]
respx = [
    {file = "respx-0.11.3-py2.py3-none-any.whl", hash = "sha256:5d21cec2b96b381de684917475201c5a5f39dfd0c8e5d2c8ff5181be71671f80"},
    {file = "respx-0.11.3.tar.gz", hash = "sha256:eb0fd35263712c2f48b25ffada29862a4fb050140e9a86e75af7657a3d7beab0"},
]
rfc3986 = [
    {file = "rfc3986-1.4.0-py2.py3-none-any.whl", hash = "sha256:af9147e9aceda37c91a05f4deb128d4b4b49d6b199775fd2d2927768abdc8f50"},
    {file = "rfc3986-1.4.0.tar.gz", hash = "sha256:112398da31a3344dc25dbf477d8df6cb34f9278a94fee2625d89e4514be8bb9d"},
]
semver = [
    {file = "semver-2.10.2-py2.py3-none-any.whl", hash = "sha256:21e80ca738975ed513cba859db0a0d2faca2380aef1962f48272ebf9a8a44bd4"},
    {file = "semver-2.10.2.tar.gz", hash = "sha256:c0a4a9d1e45557297a722ee9bac3de2ec2ea79016b6ffcaca609b0bc62cf4276"},
]
servox = [
    {file = "servox-0.7.0-py3-none-any.whl", hash = "sha256:9386f6c1e5539634be63328b2d2c5aba49dac721bdc0d7d334376fca8b25a78e"},
    {file = "servox-0.7.0.tar.gz", hash = "sha256:b4de896bbe269c77c833bd0c53de4f3bf8083bc22bff65072522f706967f65dc"},
]
six = [
    {file = "six-1.15.0-py2.py3-none-any.whl", hash = "sha256:8b74bedcbbbaca38ff6d7491d76f2b06b3592611af620f8426e82dddb04a5ced"},
    {file = "six-1.15.0.tar.gz", hash = "sha256:30639c035cdb23534cd4aa2dd52c3bf48f06e5f4a941509c8bafd8ce11080259"},
]
sniffio = [
    {file = "sniffio-1.1.0-py3-none-any.whl", hash = "sha256:20ed6d5b46f8ae136d00b9dcb807615d83ed82ceea6b2058cecb696765246da5"},
    {file = "sniffio-1.1.0.tar.gz", hash = "sha256:8e3810100f69fe0edd463d02ad407112542a11ffdc29f67db2bf3771afb87a21"},
]
tabulate = [
    {file = "tabulate-0.8.7-py3-none-any.whl", hash = "sha256:ac64cb76d53b1231d364babcd72abbb16855adac7de6665122f97b593f1eb2ba"},
    {file = "tabulate-0.8.7.tar.gz", hash = "sha256:db2723a20d04bcda8522165c73eea7c300eda74e0ce852d9022e0159d7895007"},
]
timeago = [
    {file = "timeago-1.0.14.tar.gz", hash = "sha256:4308d0123a21c778e0ac66fb68e09c15ab6a006e152f8840902575b48aac373d"},
]
toml = [
    {file = "toml-0.10.1-py2.py3-none-any.whl", hash = "sha256:bda89d5935c2eac546d648028b9901107a595863cb36bae0c73ac804a9b4ce88"},
    {file = "toml-0.10.1.tar.gz", hash = "sha256:926b612be1e5ce0634a2ca03470f95169cf16f939018233a670519cb4ac58b0f"},
]
typer = [
    {file = "typer-0.3.2-py3-none-any.whl", hash = "sha256:ba58b920ce851b12a2d790143009fa00ac1d05b3ff3257061ff69dbdfc3d161b"},
    {file = "typer-0.3.2.tar.gz", hash = "sha256:5455d750122cff96745b0dec87368f56d023725a7ebc9d2e54dd23dc86816303"},
]
urllib3 = [
    {file = "urllib3-1.25.10-py2.py3-none-any.whl", hash = "sha256:e7983572181f5e1522d9c98453462384ee92a0be7fac5f1413a1e35c56cc0461"},
    {file = "urllib3-1.25.10.tar.gz", hash = "sha256:91056c15fa70756691db97756772bb1eb9678fa585d9184f24534b100dc60f4a"},
]
win32-setctime = [
    {file = "win32_setctime-1.0.2-py3-none-any.whl", hash = "sha256:02b4c5959ca0b195f45c98115826c6e8a630b7cf648e724feaab1a5aa6250640"},
    {file = "win32_setctime-1.0.2.tar.gz", hash = "sha256:47aa7c43548c1fc0a4f026d1944b748b37036df116c7c4cf908e82638d854313"},
]
yarl = [
    {file = "yarl-1.6.0-cp35-cp35m-macosx_10_14_x86_64.whl", hash = "sha256:db9eb8307219d7e09b33bcb43287222ef35cbcf1586ba9472b0a4b833666ada1"},
    {file = "yarl-1.6.0-cp35-cp35m-manylinux1_x86_64.whl", hash = "sha256:e31fef4e7b68184545c3d68baec7074532e077bd1906b040ecfba659737df188"},
    {file = "yarl-1.6.0-cp35-cp35m-win32.whl", hash = "sha256:5d84cc36981eb5a8533be79d6c43454c8e6a39ee3118ceaadbd3c029ab2ee580"},
    {file = "yarl-1.6.0-cp35-cp35m-win_amd64.whl", hash = "sha256:5e447e7f3780f44f890360ea973418025e8c0cdcd7d6a1b221d952600fd945dc"},
    {file = "yarl-1.6.0-cp36-cp36m-macosx_10_14_x86_64.whl", hash = "sha256:6f6898429ec3c4cfbef12907047136fd7b9e81a6ee9f105b45505e633427330a"},
    {file = "yarl-1.6.0-cp36-cp36m-manylinux1_x86_64.whl", hash = "sha256:d088ea9319e49273f25b1c96a3763bf19a882cff774d1792ae6fba34bd40550a"},
    {file = "yarl-1.6.0-cp36-cp36m-win32.whl", hash = "sha256:b7c199d2cbaf892ba0f91ed36d12ff41ecd0dde46cbf64ff4bfe997a3ebc925e"},
    {file = "yarl-1.6.0-cp36-cp36m-win_amd64.whl", hash = "sha256:67c5ea0970da882eaf9efcf65b66792557c526f8e55f752194eff8ec722c75c2"},
    {file = "yarl-1.6.0-cp37-cp37m-macosx_10_14_x86_64.whl", hash = "sha256:04a54f126a0732af75e5edc9addeaa2113e2ca7c6fce8974a63549a70a25e50e"},
    {file = "yarl-1.6.0-cp37-cp37m-manylinux1_x86_64.whl", hash = "sha256:fcbe419805c9b20db9a51d33b942feddbf6e7fb468cb20686fd7089d4164c12a"},
    {file = "yarl-1.6.0-cp37-cp37m-win32.whl", hash = "sha256:c604998ab8115db802cc55cb1b91619b2831a6128a62ca7eea577fc8ea4d3131"},
    {file = "yarl-1.6.0-cp37-cp37m-win_amd64.whl", hash = "sha256:c22607421f49c0cb6ff3ed593a49b6a99c6ffdeaaa6c944cdda83c2393c8864d"},
    {file = "yarl-1.6.0-cp38-cp38-macosx_10_14_x86_64.whl", hash = "sha256:7ce35944e8e61927a8f4eb78f5bc5d1e6da6d40eadd77e3f79d4e9399e263921"},
    {file = "yarl-1.6.0-cp38-cp38-manylinux1_x86_64.whl", hash = "sha256:c15d71a640fb1f8e98a1423f9c64d7f1f6a3a168f803042eaf3a5b5022fde0c1"},
    {file = "yarl-1.6.0-cp38-cp38-win32.whl", hash = "sha256:3cc860d72ed989f3b1f3abbd6ecf38e412de722fb38b8f1b1a086315cf0d69c5"},
    {file = "yarl-1.6.0-cp38-cp38-win_amd64.whl", hash = "sha256:e32f0fb443afcfe7f01f95172b66f279938fbc6bdaebe294b0ff6747fb6db020"},
    {file = "yarl-1.6.0.tar.gz", hash = "sha256:61d3ea3c175fe45f1498af868879c6ffeb989d4143ac542163c45538ba5ec21b"},
]
